PODS:
  - Masonry (1.1.0)
  - YFInputView (0.0.2)
  - YFPageMenu (1.0.1)
  - YFPositionButton (0.0.3)

DEPENDENCIES:
  - Masonry
  - YFInputView (from `../`)
  - YFPageMenu
  - YFPositionButton

SPEC REPOS:
  trunk:
    - Masonry
    - YFPageMenu
    - YFPositionButton

EXTERNAL SOURCES:
  YFInputView:
    :path: "../"

SPEC CHECKSUMS:
  Masonry: 678fab65091a9290e40e2832a55e7ab731aad201
  YFInputView: c5c300797988bbeffce4c911765618fcff2cbbd8
  YFPageMenu: 2dc659971109ba289302e5dd97426745b24f5989
  YFPositionButton: 69549b85429c2726dc21965a71983996f7d1d3f3

PODFILE CHECKSUM: e3c3fb0024d2acffeb8afb0b7349e01e83709c21

COCOAPODS: 1.10.1
